
Microsoft Visual Studio Solution File, Format Version 12.00
# Visual Studio Version 16
VisualStudioVersion = 16.0.30717.126
MinimumVisualStudioVersion = 10.0.40219.1
Project("{FAE04EC0-301F-11D3-BF4B-00C04F79EFBC}") = "NUnitTestProject1", "NUnitTestProject1\NUnitTestProject1.csproj", "{042F6A46-46D2-45A0-AEF3-467A7C2807B2}"
EndProject
Global
	GlobalSection(SolutionConfigurationPlatforms) = preSolution
		Debug|Any CPU = Debug|Any CPU
		Release|Any CPU = Release|Any CPU
	EndGlobalSection
	GlobalSection(ProjectConfigurationPlatforms) = postSolution
		{042F6A46-46D2-45A0-AEF3-467A7C2807B2}.Debug|Any CPU.ActiveCfg = Debug|Any CPU
		{042F6A46-46D2-45A0-AEF3-467A7C2807B2}.Debug|Any CPU.Build.0 = Debug|Any CPU
		{042F6A46-46D2-45A0-AEF3-467A7C2807B2}.Release|Any CPU.ActiveCfg = Release|Any CPU
		{042F6A46-46D2-45A0-AEF3-467A7C2807B2}.Release|Any CPU.Build.0 = Release|Any CPU
	EndGlobalSection
	GlobalSection(SolutionProperties) = preSolution
		HideSolutionNode = FALSE
	EndGlobalSection
	GlobalSection(ExtensibilityGlobals) = postSolution
		SolutionGuid = {62F73F78-5F0C-4D46-BD15-2D3487766C09}
	EndGlobalSection
EndGlobal
